
Microsoft Visual Studio Solution File, Format Version 12.00
# Visual Studio Version 17
VisualStudioVersion = 17.6.33712.159
MinimumVisualStudioVersion = 10.0.40219.1
Project("{8BC9CEB8-8B4A-11D0-8D11-00A0C91BC942}") = "Gallows", "Gallows.vcxproj", "{6660A8ED-2EBB-4B07-A445-11D71610EDB8}"
EndProject
Global
	GlobalSection(SolutionConfigurationPlatforms) = preSolution
		Debug|x64 = Debug|x64
		Debug|x86 = Debug|x86
		Release|x64 = Release|x64
		Release|x86 = Release|x86
	EndGlobalSection
	GlobalSection(ProjectConfigurationPlatforms) = postSolution
		{6660A8ED-2EBB-4B07-A445-11D71610EDB8}.Debug|x64.ActiveCfg = Debug|x64
		{6660A8ED-2EBB-4B07-A445-11D71610EDB8}.Debug|x64.Build.0 = Debug|x64
		{6660A8ED-2EBB-4B07-A445-11D71610EDB8}.Debug|x86.ActiveCfg = Debug|Win32
		{6660A8ED-2EBB-4B07-A445-11D71610EDB8}.Debug|x86.Build.0 = Debug|Win32
		{6660A8ED-2EBB-4B07-A445-11D71610EDB8}.Release|x64.ActiveCfg = Release|x64
		{6660A8ED-2EBB-4B07-A445-11D71610EDB8}.Release|x64.Build.0 = Release|x64
		{6660A8ED-2EBB-4B07-A445-11D71610EDB8}.Release|x86.ActiveCfg = Release|Win32
		{6660A8ED-2EBB-4B07-A445-11D71610EDB8}.Release|x86.Build.0 = Release|Win32
	EndGlobalSection
	GlobalSection(SolutionProperties) = preSolution
		HideSolutionNode = FALSE
	EndGlobalSection
	GlobalSection(ExtensibilityGlobals) = postSolution
		SolutionGuid = {499A4A90-3834-49F5-A264-BDF3D4834E9F}
	EndGlobalSection
EndGlobal
